
Microsoft Visual Studio Solution File, Format Version 12.00
# Visual Studio Version 16
VisualStudioVersion = 16.0.30413.136
MinimumVisualStudioVersion = 10.0.40219.1
Project("{FAE04EC0-301F-11D3-BF4B-00C04F79EFBC}") = "Identity.API", "Services\Identity.API\Identity.API.csproj", "{EEFA75E8-9C07-4E7F-8E50-12F7355CAD19}"
EndProject
Global
	GlobalSection(SolutionConfigurationPlatforms) = preSolution
		Debug|Any CPU = Debug|Any CPU
		Release|Any CPU = Release|Any CPU
	EndGlobalSection
	GlobalSection(ProjectConfigurationPlatforms) = postSolution
		{EEFA75E8-9C07-4E7F-8E50-12F7355CAD19}.Debug|Any CPU.ActiveCfg = Debug|Any CPU
		{EEFA75E8-9C07-4E7F-8E50-12F7355CAD19}.Debug|Any CPU.Build.0 = Debug|Any CPU
		{EEFA75E8-9C07-4E7F-8E50-12F7355CAD19}.Release|Any CPU.ActiveCfg = Release|Any CPU
		{EEFA75E8-9C07-4E7F-8E50-12F7355CAD19}.Release|Any CPU.Build.0 = Release|Any CPU
	EndGlobalSection
	GlobalSection(SolutionProperties) = preSolution
		HideSolutionNode = FALSE
	EndGlobalSection
	GlobalSection(ExtensibilityGlobals) = postSolution
		SolutionGuid = {4A481790-437A-476F-9335-13A2A233F2B1}
	EndGlobalSection
EndGlobal
